
Microsoft Visual Studio Solution File, Format Version 12.00
# Visual Studio 15
VisualStudioVersion = 15.0.28307.421
MinimumVisualStudioVersion = 10.0.40219.1
Project("{FAE04EC0-301F-11D3-BF4B-00C04F79EFBC}") = "QLSK", "QLSK\QLSK.csproj", "{FB121CCF-2C29-46CA-8E5B-18247A52CD54}"
EndProject
Global
	GlobalSection(SolutionConfigurationPlatforms) = preSolution
		Debug|Any CPU = Debug|Any CPU
		Release|Any CPU = Release|Any CPU
	EndGlobalSection
	GlobalSection(ProjectConfigurationPlatforms) = postSolution
		{FB121CCF-2C29-46CA-8E5B-18247A52CD54}.Debug|Any CPU.ActiveCfg = Debug|Any CPU
		{FB121CCF-2C29-46CA-8E5B-18247A52CD54}.Debug|Any CPU.Build.0 = Debug|Any CPU
		{FB121CCF-2C29-46CA-8E5B-18247A52CD54}.Release|Any CPU.ActiveCfg = Release|Any CPU
		{FB121CCF-2C29-46CA-8E5B-18247A52CD54}.Release|Any CPU.Build.0 = Release|Any CPU
	EndGlobalSection
	GlobalSection(SolutionProperties) = preSolution
		HideSolutionNode = FALSE
	EndGlobalSection
	GlobalSection(ExtensibilityGlobals) = postSolution
		SolutionGuid = {44F6D4C7-BD81-466A-9D3C-7A86C6897316}
	EndGlobalSection
EndGlobal
